
Microsoft Visual Studio Solution File, Format Version 12.00
# Visual Studio Version 16
VisualStudioVersion = 16.0.31624.102
MinimumVisualStudioVersion = 10.0.40219.1
Project("{FAE04EC0-301F-11D3-BF4B-00C04F79EFBC}") = "Generics Assignment", "Generics Assignment\Generics Assignment.csproj", "{BA6BA0E2-C775-4338-B50A-D2D508CD20BE}"
EndProject
Global
	GlobalSection(SolutionConfigurationPlatforms) = preSolution
		Debug|Any CPU = Debug|Any CPU
		Release|Any CPU = Release|Any CPU
	EndGlobalSection
	GlobalSection(ProjectConfigurationPlatforms) = postSolution
		{BA6BA0E2-C775-4338-B50A-D2D508CD20BE}.Debug|Any CPU.ActiveCfg = Debug|Any CPU
		{BA6BA0E2-C775-4338-B50A-D2D508CD20BE}.Debug|Any CPU.Build.0 = Debug|Any CPU
		{BA6BA0E2-C775-4338-B50A-D2D508CD20BE}.Release|Any CPU.ActiveCfg = Release|Any CPU
		{BA6BA0E2-C775-4338-B50A-D2D508CD20BE}.Release|Any CPU.Build.0 = Release|Any CPU
	EndGlobalSection
	GlobalSection(SolutionProperties) = preSolution
		HideSolutionNode = FALSE
	EndGlobalSection
	GlobalSection(ExtensibilityGlobals) = postSolution
		SolutionGuid = {37B92322-6C9F-4627-838F-91362EB1A480}
	EndGlobalSection
EndGlobal
