
Microsoft Visual Studio Solution File, Format Version 12.00
# Visual Studio Version 16
VisualStudioVersion = 16.0.31424.327
MinimumVisualStudioVersion = 10.0.40219.1
Project("{FAE04EC0-301F-11D3-BF4B-00C04F79EFBC}") = "MathSubmission", "MathSubmission\MathSubmission.csproj", "{DD9E802F-B260-485C-A024-30C7B5E56A8B}"
EndProject
Global
	GlobalSection(SolutionConfigurationPlatforms) = preSolution
		Debug|Any CPU = Debug|Any CPU
		Release|Any CPU = Release|Any CPU
	EndGlobalSection
	GlobalSection(ProjectConfigurationPlatforms) = postSolution
		{DD9E802F-B260-485C-A024-30C7B5E56A8B}.Debug|Any CPU.ActiveCfg = Debug|Any CPU
		{DD9E802F-B260-485C-A024-30C7B5E56A8B}.Debug|Any CPU.Build.0 = Debug|Any CPU
		{DD9E802F-B260-485C-A024-30C7B5E56A8B}.Release|Any CPU.ActiveCfg = Release|Any CPU
		{DD9E802F-B260-485C-A024-30C7B5E56A8B}.Release|Any CPU.Build.0 = Release|Any CPU
	EndGlobalSection
	GlobalSection(SolutionProperties) = preSolution
		HideSolutionNode = FALSE
	EndGlobalSection
	GlobalSection(ExtensibilityGlobals) = postSolution
		SolutionGuid = {690D3348-1AEE-44F0-B5DD-E239B44C9D07}
	EndGlobalSection
EndGlobal
