
Microsoft Visual Studio Solution File, Format Version 12.00
# Visual Studio Version 16
VisualStudioVersion = 16.0.31624.102
MinimumVisualStudioVersion = 10.0.40219.1
Project("{FAE04EC0-301F-11D3-BF4B-00C04F79EFBC}") = "StudentsMVC", "StudentsMVC\StudentsMVC.csproj", "{0D0D3A61-A379-4A58-81A3-225DC2042010}"
EndProject
Global
	GlobalSection(SolutionConfigurationPlatforms) = preSolution
		Debug|Any CPU = Debug|Any CPU
		Release|Any CPU = Release|Any CPU
	EndGlobalSection
	GlobalSection(ProjectConfigurationPlatforms) = postSolution
		{0D0D3A61-A379-4A58-81A3-225DC2042010}.Debug|Any CPU.ActiveCfg = Debug|Any CPU
		{0D0D3A61-A379-4A58-81A3-225DC2042010}.Debug|Any CPU.Build.0 = Debug|Any CPU
		{0D0D3A61-A379-4A58-81A3-225DC2042010}.Release|Any CPU.ActiveCfg = Release|Any CPU
		{0D0D3A61-A379-4A58-81A3-225DC2042010}.Release|Any CPU.Build.0 = Release|Any CPU
	EndGlobalSection
	GlobalSection(SolutionProperties) = preSolution
		HideSolutionNode = FALSE
	EndGlobalSection
	GlobalSection(ExtensibilityGlobals) = postSolution
		SolutionGuid = {EB23F92A-773E-4A83-81A1-AA88EFA6F1E6}
	EndGlobalSection
EndGlobal
