
Microsoft Visual Studio Solution File, Format Version 12.00
# Visual Studio Version 16
VisualStudioVersion = 16.0.31424.327
MinimumVisualStudioVersion = 10.0.40219.1
Project("{FAE04EC0-301F-11D3-BF4B-00C04F79EFBC}") = "Boolean Logic Submission", "Boolean Logic Submission\Boolean Logic Submission.csproj", "{6CACBD6F-62B1-44F9-8751-1156006E2E1C}"
EndProject
Global
	GlobalSection(SolutionConfigurationPlatforms) = preSolution
		Debug|Any CPU = Debug|Any CPU
		Release|Any CPU = Release|Any CPU
	EndGlobalSection
	GlobalSection(ProjectConfigurationPlatforms) = postSolution
		{6CACBD6F-62B1-44F9-8751-1156006E2E1C}.Debug|Any CPU.ActiveCfg = Debug|Any CPU
		{6CACBD6F-62B1-44F9-8751-1156006E2E1C}.Debug|Any CPU.Build.0 = Debug|Any CPU
		{6CACBD6F-62B1-44F9-8751-1156006E2E1C}.Release|Any CPU.ActiveCfg = Release|Any CPU
		{6CACBD6F-62B1-44F9-8751-1156006E2E1C}.Release|Any CPU.Build.0 = Release|Any CPU
	EndGlobalSection
	GlobalSection(SolutionProperties) = preSolution
		HideSolutionNode = FALSE
	EndGlobalSection
	GlobalSection(ExtensibilityGlobals) = postSolution
		SolutionGuid = {905664FD-440C-44C6-A29A-60E1FC9264D9}
	EndGlobalSection
EndGlobal
