
Microsoft Visual Studio Solution File, Format Version 12.00
# Visual Studio Version 16
VisualStudioVersion = 16.0.31702.278
MinimumVisualStudioVersion = 10.0.40219.1
Project("{FAE04EC0-301F-11D3-BF4B-00C04F79EFBC}") = "WebApplication2", "WebApplication2\WebApplication2.csproj", "{9E06AB34-529F-402A-96D6-BB69AF1E8840}"
EndProject
Global
	GlobalSection(SolutionConfigurationPlatforms) = preSolution
		Debug|Any CPU = Debug|Any CPU
		Release|Any CPU = Release|Any CPU
	EndGlobalSection
	GlobalSection(ProjectConfigurationPlatforms) = postSolution
		{9E06AB34-529F-402A-96D6-BB69AF1E8840}.Debug|Any CPU.ActiveCfg = Debug|Any CPU
		{9E06AB34-529F-402A-96D6-BB69AF1E8840}.Debug|Any CPU.Build.0 = Debug|Any CPU
		{9E06AB34-529F-402A-96D6-BB69AF1E8840}.Release|Any CPU.ActiveCfg = Release|Any CPU
		{9E06AB34-529F-402A-96D6-BB69AF1E8840}.Release|Any CPU.Build.0 = Release|Any CPU
	EndGlobalSection
	GlobalSection(SolutionProperties) = preSolution
		HideSolutionNode = FALSE
	EndGlobalSection
	GlobalSection(ExtensibilityGlobals) = postSolution
		SolutionGuid = {CD955B69-333E-44C0-A4FC-46E7A405A3AF}
	EndGlobalSection
EndGlobal
