
Microsoft Visual Studio Solution File, Format Version 12.00
# Visual Studio Version 16
VisualStudioVersion = 16.0.31424.327
MinimumVisualStudioVersion = 10.0.40219.1
Project("{FAE04EC0-301F-11D3-BF4B-00C04F79EFBC}") = "Strings Submission", "Strings Submission\Strings Submission.csproj", "{FAE890EF-2EFA-4185-B523-5B0C0860369D}"
EndProject
Global
	GlobalSection(SolutionConfigurationPlatforms) = preSolution
		Debug|Any CPU = Debug|Any CPU
		Release|Any CPU = Release|Any CPU
	EndGlobalSection
	GlobalSection(ProjectConfigurationPlatforms) = postSolution
		{FAE890EF-2EFA-4185-B523-5B0C0860369D}.Debug|Any CPU.ActiveCfg = Debug|Any CPU
		{FAE890EF-2EFA-4185-B523-5B0C0860369D}.Debug|Any CPU.Build.0 = Debug|Any CPU
		{FAE890EF-2EFA-4185-B523-5B0C0860369D}.Release|Any CPU.ActiveCfg = Release|Any CPU
		{FAE890EF-2EFA-4185-B523-5B0C0860369D}.Release|Any CPU.Build.0 = Release|Any CPU
	EndGlobalSection
	GlobalSection(SolutionProperties) = preSolution
		HideSolutionNode = FALSE
	EndGlobalSection
	GlobalSection(ExtensibilityGlobals) = postSolution
		SolutionGuid = {EE45CDB2-E376-4C3B-AFDC-B48AB927691E}
	EndGlobalSection
EndGlobal
