
Microsoft Visual Studio Solution File, Format Version 12.00
# Visual Studio Version 16
VisualStudioVersion = 16.0.31624.102
MinimumVisualStudioVersion = 10.0.40219.1
Project("{FAE04EC0-301F-11D3-BF4B-00C04F79EFBC}") = "ExceptionHandling", "ExceptionHandling\ExceptionHandling.csproj", "{32959BD5-470F-42C1-9342-41DDEC0E04BC}"
EndProject
Global
	GlobalSection(SolutionConfigurationPlatforms) = preSolution
		Debug|Any CPU = Debug|Any CPU
		Release|Any CPU = Release|Any CPU
	EndGlobalSection
	GlobalSection(ProjectConfigurationPlatforms) = postSolution
		{32959BD5-470F-42C1-9342-41DDEC0E04BC}.Debug|Any CPU.ActiveCfg = Debug|Any CPU
		{32959BD5-470F-42C1-9342-41DDEC0E04BC}.Debug|Any CPU.Build.0 = Debug|Any CPU
		{32959BD5-470F-42C1-9342-41DDEC0E04BC}.Release|Any CPU.ActiveCfg = Release|Any CPU
		{32959BD5-470F-42C1-9342-41DDEC0E04BC}.Release|Any CPU.Build.0 = Release|Any CPU
	EndGlobalSection
	GlobalSection(SolutionProperties) = preSolution
		HideSolutionNode = FALSE
	EndGlobalSection
	GlobalSection(ExtensibilityGlobals) = postSolution
		SolutionGuid = {A4DB9BE3-489F-4F8B-B4CE-2D2B6F0E950E}
	EndGlobalSection
EndGlobal
