
Microsoft Visual Studio Solution File, Format Version 12.00
# Visual Studio Version 16
VisualStudioVersion = 16.0.31624.102
MinimumVisualStudioVersion = 10.0.40219.1
Project("{FAE04EC0-301F-11D3-BF4B-00C04F79EFBC}") = "Iteration", "Iteration\Iteration.csproj", "{593D1E07-25C5-45B8-86C3-7858F50807FB}"
EndProject
Global
	GlobalSection(SolutionConfigurationPlatforms) = preSolution
		Debug|Any CPU = Debug|Any CPU
		Release|Any CPU = Release|Any CPU
	EndGlobalSection
	GlobalSection(ProjectConfigurationPlatforms) = postSolution
		{593D1E07-25C5-45B8-86C3-7858F50807FB}.Debug|Any CPU.ActiveCfg = Debug|Any CPU
		{593D1E07-25C5-45B8-86C3-7858F50807FB}.Debug|Any CPU.Build.0 = Debug|Any CPU
		{593D1E07-25C5-45B8-86C3-7858F50807FB}.Release|Any CPU.ActiveCfg = Release|Any CPU
		{593D1E07-25C5-45B8-86C3-7858F50807FB}.Release|Any CPU.Build.0 = Release|Any CPU
	EndGlobalSection
	GlobalSection(SolutionProperties) = preSolution
		HideSolutionNode = FALSE
	EndGlobalSection
	GlobalSection(ExtensibilityGlobals) = postSolution
		SolutionGuid = {9C253BF3-11DC-423E-9DEA-92BA3C2407B2}
	EndGlobalSection
EndGlobal
